{
  "name": "netlify-local-plugins",
  "version": "1.0.0",
  "lockfileVersion": 3,
  "requires": true,
  "packages": {
    "": {
      "name": "netlify-local-plugins",
      "version": "1.0.0",
      "license": "MIT",
      "dependencies": {
        "@netlify/plugin-nextjs": "5.11.2"
      }
    },
    "node_modules/@netlify/plugin-nextjs": {
      "version": "5.11.2",
      "resolved": "https://registry.npmjs.org/@netlify/plugin-nextjs/-/plugin-nextjs-5.11.2.tgz",
      "integrity": "sha512-9Hgd/J5nP2U/Vv0teytq9uUAGppiKV9t5tzpsuMLqeqUGD9STxXwKmyZd2v8Z4THSW9rw4+8w7dH7LVlFoym2A==",
      "license": "MIT",
      "engines": {
        "node": ">=18.0.0"
      }
    }
  }
}
